// !$*UTF8*$!
{
	archiveVersion = 1;
	classes = {
	};
	objectVersion = 56;
	objects = {

/* Begin PBXBuildFile section */
		9664FFC92AF6B2C700080C85 /* addCardView.swift in Sources */ = {isa = PBXBuildFile; fileRef = 9664FFC82AF6B2C700080C85 /* addCardView.swift */; };
		9664FFCB2AF92FDD00080C85 /* NewCardViewModel.swift in Sources */ = {isa = PBXBuildFile; fileRef = 9664FFCA2AF92FDD00080C85 /* NewCardViewModel.swift */; };
		96B68B2F2AF2BCAB0038D7BC /* CueCardApp.swift in Sources */ = {isa = PBXBuildFile; fileRef = 96B68B2E2AF2BCAB0038D7BC /* CueCardApp.swift */; };
		96B68B332AF2BCAC0038D7BC /* Assets.xcassets in Resources */ = {isa = PBXBuildFile; fileRef = 96B68B322AF2BCAC0038D7BC /* Assets.xcassets */; };
		96B68B362AF2BCAC0038D7BC /* Preview Assets.xcassets in Resources */ = {isa = PBXBuildFile; fileRef = 96B68B352AF2BCAC0038D7BC /* Preview Assets.xcassets */; };
		96B68B4A2AF2BE7C0038D7BC /* cueCard.swift in Sources */ = {isa = PBXBuildFile; fileRef = 96B68B492AF2BE7C0038D7BC /* cueCard.swift */; };
		96B68B4C2AF2BE890038D7BC /* Result.swift in Sources */ = {isa = PBXBuildFile; fileRef = 96B68B4B2AF2BE890038D7BC /* Result.swift */; };
		96B68B4E2AF2BE9E0038D7BC /* Functions.swift in Sources */ = {isa = PBXBuildFile; fileRef = 96B68B4D2AF2BE9E0038D7BC /* Functions.swift */; };
		96B68B542AF3F6CF0038D7BC /* quizView.swift in Sources */ = {isa = PBXBuildFile; fileRef = 96B68B532AF3F6CF0038D7BC /* quizView.swift */; };
/* End PBXBuildFile section */

/* Begin PBXFileReference section */
		9664FFC82AF6B2C700080C85 /* addCardView.swift */ = {isa = PBXFileReference; lastKnownFileType = sourcecode.swift; path = addCardView.swift; sourceTree = "<group>"; };
		9664FFCA2AF92FDD00080C85 /* NewCardViewModel.swift */ = {isa = PBXFileReference; lastKnownFileType = sourcecode.swift; path = NewCardViewModel.swift; sourceTree = "<group>"; };
		96B68B2B2AF2BCAB0038D7BC /* CueCard.app */ = {isa = PBXFileReference; explicitFileType = wrapper.application; includeInIndex = 0; path = CueCard.app; sourceTree = BUILT_PRODUCTS_DIR; };
		96B68B2E2AF2BCAB0038D7BC /* CueCardApp.swift */ = {isa = PBXFileReference; lastKnownFileType = sourcecode.swift; path = CueCardApp.swift; sourceTree = "<group>"; };
		96B68B322AF2BCAC0038D7BC /* Assets.xcassets */ = {isa = PBXFileReference; lastKnownFileType = folder.assetcatalog; path = Assets.xcassets; sourceTree = "<group>"; };
		96B68B352AF2BCAC0038D7BC /* Preview Assets.xcassets */ = {isa = PBXFileReference; lastKnownFileType = folder.assetcatalog; path = "Preview Assets.xcassets"; sourceTree = "<group>"; };
		96B68B492AF2BE7C0038D7BC /* cueCard.swift */ = {isa = PBXFileReference; lastKnownFileType = sourcecode.swift; path = cueCard.swift; sourceTree = "<group>"; };
		96B68B4B2AF2BE890038D7BC /* Result.swift */ = {isa = PBXFileReference; lastKnownFileType = sourcecode.swift; path = Result.swift; sourceTree = "<group>"; };
		96B68B4D2AF2BE9E0038D7BC /* Functions.swift */ = {isa = PBXFileReference; lastKnownFileType = sourcecode.swift; path = Functions.swift; sourceTree = "<group>"; };
		96B68B532AF3F6CF0038D7BC /* quizView.swift */ = {isa = PBXFileReference; lastKnownFileType = sourcecode.swift; path = quizView.swift; sourceTree = "<group>"; };
/* End PBXFileReference section */

/* Begin PBXFrameworksBuildPhase section */
		96B68B282AF2BCAB0038D7BC /* Frameworks */ = {
			isa = PBXFrameworksBuildPhase;
			buildActionMask = 2147483647;
			files = (
			);
			runOnlyForDeploymentPostprocessing = 0;
		};
/* End PBXFrameworksBuildPhase section */

/* Begin PBXGroup section */
		96B68B222AF2BCAA0038D7BC = {
			isa = PBXGroup;
			children = (
				96B68B2D2AF2BCAB0038D7BC /* CueCard */,
				96B68B2C2AF2BCAB0038D7BC /* Products */,
			);
			sourceTree = "<group>";
		};
		96B68B2C2AF2BCAB0038D7BC /* Products */ = {
			isa = PBXGroup;
			children = (
				96B68B2B2AF2BCAB0038D7BC /* CueCard.app */,
			);
			name = Products;
			sourceTree = "<group>";
		};
		96B68B2D2AF2BCAB0038D7BC /* CueCard */ = {
			isa = PBXGroup;
			children = (
				96B68B2E2AF2BCAB0038D7BC /* CueCardApp.swift */,
				96B68B442AF2BDFB0038D7BC /* views */,
				96B68B452AF2BE150038D7BC /* Model */,
				96B68B462AF2BE400038D7BC /* Helper */,
				96B68B322AF2BCAC0038D7BC /* Assets.xcassets */,
				96B68B342AF2BCAC0038D7BC /* Preview Content */,
			);
			path = CueCard;
			sourceTree = "<group>";
		};
		96B68B342AF2BCAC0038D7BC /* Preview Content */ = {
			isa = PBXGroup;
			children = (
				96B68B352AF2BCAC0038D7BC /* Preview Assets.xcassets */,
			);
			path = "Preview Content";
			sourceTree = "<group>";
		};
		96B68B442AF2BDFB0038D7BC /* views */ = {
			isa = PBXGroup;
			children = (
				96B68B532AF3F6CF0038D7BC /* quizView.swift */,
				9664FFC82AF6B2C700080C85 /* addCardView.swift */,
			);
			path = views;
			sourceTree = "<group>";
		};
		96B68B452AF2BE150038D7BC /* Model */ = {
			isa = PBXGroup;
			children = (
				96B68B492AF2BE7C0038D7BC /* cueCard.swift */,
				96B68B4B2AF2BE890038D7BC /* Result.swift */,
				9664FFCA2AF92FDD00080C85 /* NewCardViewModel.swift */,
			);
			path = Model;
			sourceTree = "<group>";
		};
		96B68B462AF2BE400038D7BC /* Helper */ = {
			isa = PBXGroup;
			children = (
				96B68B4D2AF2BE9E0038D7BC /* Functions.swift */,
			);
			path = Helper;
			sourceTree = "<group>";
		};
/* End PBXGroup section */

/* Begin PBXNativeTarget section */
		96B68B2A2AF2BCAB0038D7BC /* CueCard */ = {
			isa = PBXNativeTarget;
			buildConfigurationList = 96B68B392AF2BCAC0038D7BC /* Build configuration list for PBXNativeTarget "CueCard" */;
			buildPhases = (
				96B68B272AF2BCAB0038D7BC /* Sources */,
				96B68B282AF2BCAB0038D7BC /* Frameworks */,
				96B68B292AF2BCAB0038D7BC /* Resources */,
			);
			buildRules = (
			);
			dependencies = (
			);
			name = CueCard;
			productName = CueCard;
			productReference = 96B68B2B2AF2BCAB0038D7BC /* CueCard.app */;
			productType = "com.apple.product-type.application";
		};
/* End PBXNativeTarget section */

/* Begin PBXProject section */
		96B68B232AF2BCAA0038D7BC /* Project object */ = {
			isa = PBXProject;
			attributes = {
				BuildIndependentTargetsInParallel = 1;
				LastSwiftUpdateCheck = 1500;
				LastUpgradeCheck = 1500;
				TargetAttributes = {
					96B68B2A2AF2BCAB0038D7BC = {
						CreatedOnToolsVersion = 15.0;
					};
				};
			};
			buildConfigurationList = 96B68B262AF2BCAA0038D7BC /* Build configuration list for PBXProject "CueCard" */;
			compatibilityVersion = "Xcode 14.0";
			developmentRegion = en;
			hasScannedForEncodings = 0;
			knownRegions = (
				en,
				Base,
			);
			mainGroup = 96B68B222AF2BCAA0038D7BC;
			productRefGroup = 96B68B2C2AF2BCAB0038D7BC /* Products */;
			projectDirPath = "";
			projectRoot = "";
			targets = (
				96B68B2A2AF2BCAB0038D7BC /* CueCard */,
			);
		};
/* End PBXProject section */

/* Begin PBXResourcesBuildPhase section */
		96B68B292AF2BCAB0038D7BC /* Resources */ = {
			isa = PBXResourcesBuildPhase;
			buildActionMask = 2147483647;
			files = (
				96B68B362AF2BCAC0038D7BC /* Preview Assets.xcassets in Resources */,
				96B68B332AF2BCAC0038D7BC /* Assets.xcassets in Resources */,
			);
			runOnlyForDeploymentPostprocessing = 0;
		};
/* End PBXResourcesBuildPhase section */

/* Begin PBXSourcesBuildPhase section */
		96B68B272AF2BCAB0038D7BC /* Sources */ = {
			isa = PBXSourcesBuildPhase;
			buildActionMask = 2147483647;
			files = (
				9664FFC92AF6B2C700080C85 /* addCardView.swift in Sources */,
				9664FFCB2AF92FDD00080C85 /* NewCardViewModel.swift in Sources */,
				96B68B542AF3F6CF0038D7BC /* quizView.swift in Sources */,
				96B68B4A2AF2BE7C0038D7BC /* cueCard.swift in Sources */,
				96B68B4C2AF2BE890038D7BC /* Result.swift in Sources */,
				96B68B4E2AF2BE9E0038D7BC /* Functions.swift in Sources */,
				96B68B2F2AF2BCAB0038D7BC /* CueCardApp.swift in Sources */,
			);
			runOnlyForDeploymentPostprocessing = 0;
		};
/* End PBXSourcesBuildPhase section */

/* Begin XCBuildConfiguration section */
		96B68B372AF2BCAC0038D7BC /* Debug */ = {
			isa = XCBuildConfiguration;
			buildSettings = {
				ALWAYS_SEARCH_USER_PATHS = NO;
				ASSETCATALOG_COMPILER_GENERATE_SWIFT_ASSET_SYMBOL_EXTENSIONS = YES;
				CLANG_ANALYZER_NONNULL = YES;
				CLANG_ANALYZER_NUMBER_OBJECT_CONVERSION = YES_AGGRESSIVE;
				CLANG_CXX_LANGUAGE_STANDARD = "gnu++20";
				CLANG_ENABLE_MODULES = YES;
				CLANG_ENABLE_OBJC_ARC = YES;
				CLANG_ENABLE_OBJC_WEAK = YES;
				CLANG_WARN_BLOCK_CAPTURE_AUTORELEASING = YES;
				CLANG_WARN_BOOL_CONVERSION = YES;
				CLANG_WARN_COMMA = YES;
				CLANG_WARN_CONSTANT_CONVERSION = YES;
				CLANG_WARN_DEPRECATED_OBJC_IMPLEMENTATIONS = YES;
				CLANG_WARN_DIRECT_OBJC_ISA_USAGE = YES_ERROR;
				CLANG_WARN_DOCUMENTATION_COMMENTS = YES;
				CLANG_WARN_EMPTY_BODY = YES;
				CLANG_WARN_ENUM_CONVERSION = YES;
				CLANG_WARN_INFINITE_RECURSION = YES;
				CLANG_WARN_INT_CONVERSION = YES;
				CLANG_WARN_NON_LITERAL_NULL_CONVERSION = YES;
				CLANG_WARN_OBJC_IMPLICIT_RETAIN_SELF = YES;
				CLANG_WARN_OBJC_LITERAL_CONVERSION = YES;
				CLANG_WARN_OBJC_ROOT_CLASS = YES_ERROR;
				CLANG_WARN_QUOTED_INCLUDE_IN_FRAMEWORK_HEADER = YES;
				CLANG_WARN_RANGE_LOOP_ANALYSIS = YES;
				CLANG_WARN_STRICT_PROTOTYPES = YES;
				CLANG_WARN_SUSPICIOUS_MOVE = YES;
				CLANG_WARN_UNGUARDED_AVAILABILITY = YES_AGGRESSIVE;
				CLANG_WARN_UNREACHABLE_CODE = YES;
				CLANG_WARN__DUPLICATE_METHOD_MATCH = YES;
				COPY_PHASE_STRIP = NO;
				DEBUG_INFORMATION_FORMAT = dwarf;
				ENABLE_STRICT_OBJC_MSGSEND = YES;
				ENABLE_TESTABILITY = YES;
				ENABLE_USER_SCRIPT_SANDBOXING = YES;
				GCC_C_LANGUAGE_STANDARD = gnu17;
				GCC_DYNAMIC_NO_PIC = NO;
				GCC_NO_COMMON_BLOCKS = YES;
				GCC_OPTIMIZATION_LEVEL = 0;
				GCC_PREPROCESSOR_DEFINITIONS = (
					"DEBUG=1",
					"$(inherited)",
				);
				GCC_WARN_64_TO_32_BIT_CONVERSION = YES;
				GCC_WARN_ABOUT_RETURN_TYPE = YES_ERROR;
				GCC_WARN_UNDECLARED_SELECTOR = YES;
				GCC_WARN_UNINITIALIZED_AUTOS = YES_AGGRESSIVE;
				GCC_WARN_UNUSED_FUNCTION = YES;
				GCC_WARN_UNUSED_VARIABLE = YES;
				IPHONEOS_DEPLOYMENT_TARGET = 17.0;
				LOCALIZATION_PREFERS_STRING_CATALOGS = YES;
				MTL_ENABLE_DEBUG_INFO = INCLUDE_SOURCE;
				MTL_FAST_MATH = YES;
				ONLY_ACTIVE_ARCH = YES;
				SDKROOT = iphoneos;
				SWIFT_ACTIVE_COMPILATION_CONDITIONS = "DEBUG $(inherited)";
				SWIFT_OPTIMIZATION_LEVEL = "-Onone";
			};
			name = Debug;
		};
		96B68B382AF2BCAC0038D7BC /* Release */ = {
			isa = XCBuildConfiguration;
			buildSettings = {
				ALWAYS_SEARCH_USER_PATHS = NO;
				ASSETCATALOG_COMPILER_GENERATE_SWIFT_ASSET_SYMBOL_EXTENSIONS = YES;
				CLANG_ANALYZER_NONNULL = YES;
				CLANG_ANALYZER_NUMBER_OBJECT_CONVERSION = YES_AGGRESSIVE;
				CLANG_CXX_LANGUAGE_STANDARD = "gnu++20";
				CLANG_ENABLE_MODULES = YES;
				CLANG_ENABLE_OBJC_ARC = YES;
				CLANG_ENABLE_OBJC_WEAK = YES;
				CLANG_WARN_BLOCK_CAPTURE_AUTORELEASING = YES;
				CLANG_WARN_BOOL_CONVERSION = YES;
				CLANG_WARN_COMMA = YES;
				CLANG_WARN_CONSTANT_CONVERSION = YES;
				CLANG_WARN_DEPRECATED_OBJC_IMPLEMENTATIONS = YES;
				CLANG_WARN_DIRECT_OBJC_ISA_USAGE = YES_ERROR;
				CLANG_WARN_DOCUMENTATION_COMMENTS = YES;
				CLANG_WARN_EMPTY_BODY = YES;
				CLANG_WARN_ENUM_CONVERSION = YES;
				CLANG_WARN_INFINITE_RECURSION = YES;
				CLANG_WARN_INT_CONVERSION = YES;
				CLANG_WARN_NON_LITERAL_NULL_CONVERSION = YES;
				CLANG_WARN_OBJC_IMPLICIT_RETAIN_SELF = YES;
				CLANG_WARN_OBJC_LITERAL_CONVERSION = YES;
				CLANG_WARN_OBJC_ROOT_CLASS = YES_ERROR;
				CLANG_WARN_QUOTED_INCLUDE_IN_FRAMEWORK_HEADER = YES;
				CLANG_WARN_RANGE_LOOP_ANALYSIS = YES;
				CLANG_WARN_STRICT_PROTOTYPES = YES;
				CLANG_WARN_SUSPICIOUS_MOVE = YES;
				CLANG_WARN_UNGUARDED_AVAILABILITY = YES_AGGRESSIVE;
				CLANG_WARN_UNREACHABLE_CODE = YES;
				CLANG_WARN__DUPLICATE_METHOD_MATCH = YES;
				COPY_PHASE_STRIP = NO;
				DEBUG_INFORMATION_FORMAT = "dwarf-with-dsym";
				ENABLE_NS_ASSERTIONS = NO;
				ENABLE_STRICT_OBJC_MSGSEND = YES;
				ENABLE_USER_SCRIPT_SANDBOXING = YES;
				GCC_C_LANGUAGE_STANDARD = gnu17;
				GCC_NO_COMMON_BLOCKS = YES;
				GCC_WARN_64_TO_32_BIT_CONVERSION = YES;
				GCC_WARN_ABOUT_RETURN_TYPE = YES_ERROR;
				GCC_WARN_UNDECLARED_SELECTOR = YES;
				GCC_WARN_UNINITIALIZED_AUTOS = YES_AGGRESSIVE;
				GCC_WARN_UNUSED_FUNCTION = YES;
				GCC_WARN_UNUSED_VARIABLE = YES;
				IPHONEOS_DEPLOYMENT_TARGET = 17.0;
				LOCALIZATION_PREFERS_STRING_CATALOGS = YES;
				MTL_ENABLE_DEBUG_INFO = NO;
				MTL_FAST_MATH = YES;
				SDKROOT = iphoneos;
				SWIFT_COMPILATION_MODE = wholemodule;
				VALIDATE_PRODUCT = YES;
			};
			name = Release;
		};
		96B68B3A2AF2BCAC0038D7BC /* Debug */ = {
			isa = XCBuildConfiguration;
			buildSettings = {
				ASSETCATALOG_COMPILER_APPICON_NAME = AppIcon;
				ASSETCATALOG_COMPILER_GLOBAL_ACCENT_COLOR_NAME = AccentColor;
				CODE_SIGN_STYLE = Automatic;
				CURRENT_PROJECT_VERSION = 1;
				DEVELOPMENT_ASSET_PATHS = "\"CueCard/Preview Content\"";
				DEVELOPMENT_TEAM = 8U55N8U7SR;
				ENABLE_PREVIEWS = YES;
				GENERATE_INFOPLIST_FILE = YES;
				INFOPLIST_KEY_UIApplicationSceneManifest_Generation = YES;
				INFOPLIST_KEY_UIApplicationSupportsIndirectInputEvents = YES;
				INFOPLIST_KEY_UILaunchScreen_Generation = YES;
				INFOPLIST_KEY_UISupportedInterfaceOrientations_iPad = "UIInterfaceOrientationPortrait UIInterfaceOrientationPortraitUpsideDown UIInterfaceOrientationLandscapeLeft UIInterfaceOrientationLandscapeRight";
				INFOPLIST_KEY_UISupportedInterfaceOrientations_iPhone = "UIInterfaceOrientationPortrait UIInterfaceOrientationLandscapeLeft UIInterfaceOrientationLandscapeRight";
				LD_RUNPATH_SEARCH_PATHS = (
					"$(inherited)",
					"@executable_path/Frameworks",
				);
				MARKETING_VERSION = 1.0;
				PRODUCT_BUNDLE_IDENTIFIER = ca.quinlantaylor.CueCard;
				PRODUCT_NAME = "$(TARGET_NAME)";
				SWIFT_EMIT_LOC_STRINGS = YES;
				SWIFT_VERSION = 5.0;
				TARGETED_DEVICE_FAMILY = "1,2";
			};
			name = Debug;
		};
		96B68B3B2AF2BCAC0038D7BC /* Release */ = {
			isa = XCBuildConfiguration;
			buildSettings = {
				ASSETCATALOG_COMPILER_APPICON_NAME = AppIcon;
				ASSETCATALOG_COMPILER_GLOBAL_ACCENT_COLOR_NAME = AccentColor;
				CODE_SIGN_STYLE = Automatic;
				CURRENT_PROJECT_VERSION = 1;
				DEVELOPMENT_ASSET_PATHS = "\"CueCard/Preview Content\"";
				DEVELOPMENT_TEAM = 8U55N8U7SR;
				ENABLE_PREVIEWS = YES;
				GENERATE_INFOPLIST_FILE = YES;
				INFOPLIST_KEY_UIApplicationSceneManifest_Generation = YES;
				INFOPLIST_KEY_UIApplicationSupportsIndirectInputEvents = YES;
				INFOPLIST_KEY_UILaunchScreen_Generation = YES;
				INFOPLIST_KEY_UISupportedInterfaceOrientations_iPad = "UIInterfaceOrientationPortrait UIInterfaceOrientationPortraitUpsideDown UIInterfaceOrientationLandscapeLeft UIInterfaceOrientationLandscapeRight";
				INFOPLIST_KEY_UISupportedInterfaceOrientations_iPhone = "UIInterfaceOrientationPortrait UIInterfaceOrientationLandscapeLeft UIInterfaceOrientationLandscapeRight";
				LD_RUNPATH_SEARCH_PATHS = (
					"$(inherited)",
					"@executable_path/Frameworks",
				);
				MARKETING_VERSION = 1.0;
				PRODUCT_BUNDLE_IDENTIFIER = ca.quinlantaylor.CueCard;
				PRODUCT_NAME = "$(TARGET_NAME)";
				SWIFT_EMIT_LOC_STRINGS = YES;
				SWIFT_VERSION = 5.0;
				TARGETED_DEVICE_FAMILY = "1,2";
			};
			name = Release;
		};
/* End XCBuildConfiguration section */

/* Begin XCConfigurationList section */
		96B68B262AF2BCAA0038D7BC /* Build configuration list for PBXProject "CueCard" */ = {
			isa = XCConfigurationList;
			buildConfigurations = (
				96B68B372AF2BCAC0038D7BC /* Debug */,
				96B68B382AF2BCAC0038D7BC /* Release */,
			);
			defaultConfigurationIsVisible = 0;
			defaultConfigurationName = Release;
		};
		96B68B392AF2BCAC0038D7BC /* Build configuration list for PBXNativeTarget "CueCard" */ = {
			isa = XCConfigurationList;
			buildConfigurations = (
				96B68B3A2AF2BCAC0038D7BC /* Debug */,
				96B68B3B2AF2BCAC0038D7BC /* Release */,
			);
			defaultConfigurationIsVisible = 0;
			defaultConfigurationName = Release;
		};
/* End XCConfigurationList section */
	};
	rootObject = 96B68B232AF2BCAA0038D7BC /* Project object */;
}
